
Microsoft Visual Studio Solution File, Format Version 12.00
# Visual Studio Version 16
VisualStudioVersion = 16.0.31624.102
MinimumVisualStudioVersion = 10.0.40219.1
Project("{FAE04EC0-301F-11D3-BF4B-00C04F79EFBC}") = "Rastojanje_tacaka", "Rastojanje_tacaka\Rastojanje_tacaka.csproj", "{B989BC48-6424-418B-8DEA-3677B107C5E6}"
EndProject
Global
	GlobalSection(SolutionConfigurationPlatforms) = preSolution
		Debug|Any CPU = Debug|Any CPU
		Release|Any CPU = Release|Any CPU
	EndGlobalSection
	GlobalSection(ProjectConfigurationPlatforms) = postSolution
		{B989BC48-6424-418B-8DEA-3677B107C5E6}.Debug|Any CPU.ActiveCfg = Debug|Any CPU
		{B989BC48-6424-418B-8DEA-3677B107C5E6}.Debug|Any CPU.Build.0 = Debug|Any CPU
		{B989BC48-6424-418B-8DEA-3677B107C5E6}.Release|Any CPU.ActiveCfg = Release|Any CPU
		{B989BC48-6424-418B-8DEA-3677B107C5E6}.Release|Any CPU.Build.0 = Release|Any CPU
	EndGlobalSection
	GlobalSection(SolutionProperties) = preSolution
		HideSolutionNode = FALSE
	EndGlobalSection
	GlobalSection(ExtensibilityGlobals) = postSolution
		SolutionGuid = {A90F1E9D-8762-451E-91CE-C11950E91FBC}
	EndGlobalSection
EndGlobal
